
Microsoft Visual Studio Solution File, Format Version 12.00
# Visual Studio Version 17
VisualStudioVersion = 17.1.32228.430
MinimumVisualStudioVersion = 10.0.40219.1
Project("{FAE04EC0-301F-11D3-BF4B-00C04F79EFBC}") = "MariaChat.Application", "MariaChat.Application\MariaChat.Application.csproj", "{FCF786A2-CE29-415C-B09F-2BC2231CE7D0}"
EndProject
Project("{FAE04EC0-301F-11D3-BF4B-00C04F79EFBC}") = "MariaChat.Domain", "MariaChat.Domain\MariaChat.Domain.csproj", "{538760B6-6C3B-4985-B6D6-9553B8BA6B89}"
EndProject
Project("{FAE04EC0-301F-11D3-BF4B-00C04F79EFBC}") = "MariaChat.Infrastructure", "MariaChat.Infrastructure\MariaChat.Infrastructure.csproj", "{A2161EB0-2513-4F4C-BA4C-8E0AE0591EA3}"
EndProject
Project("{2150E333-8FDC-42A3-9474-1A3956D46DE8}") = "Applications", "Applications", "{B94FCAFF-7214-4456-AF7A-90DE1494CD22}"
EndProject
Project("{FAE04EC0-301F-11D3-BF4B-00C04F79EFBC}") = "MariaChat.Server", "MariaChat.Server\MariaChat.Server.csproj", "{7CD5B276-EADB-4E0C-AD4B-95ACB5A6A594}"
EndProject
Project("{FAE04EC0-301F-11D3-BF4B-00C04F79EFBC}") = "MariaChat.Client", "MariaChat.Client\MariaChat.Client.csproj", "{2482FA47-42B3-498A-ADBD-19B6368E7FD0}"
EndProject
Project("{FAE04EC0-301F-11D3-BF4B-00C04F79EFBC}") = "Maria.Assets", "Maria.Assets\Maria.Assets.csproj", "{DBBCE832-15EC-4E32-AC3A-845823A5E2F7}"
EndProject
Global
	GlobalSection(SolutionConfigurationPlatforms) = preSolution
		Debug|Any CPU = Debug|Any CPU
		Release|Any CPU = Release|Any CPU
	EndGlobalSection
	GlobalSection(ProjectConfigurationPlatforms) = postSolution
		{FCF786A2-CE29-415C-B09F-2BC2231CE7D0}.Debug|Any CPU.ActiveCfg = Debug|Any CPU
		{FCF786A2-CE29-415C-B09F-2BC2231CE7D0}.Debug|Any CPU.Build.0 = Debug|Any CPU
		{FCF786A2-CE29-415C-B09F-2BC2231CE7D0}.Release|Any CPU.ActiveCfg = Release|Any CPU
		{FCF786A2-CE29-415C-B09F-2BC2231CE7D0}.Release|Any CPU.Build.0 = Release|Any CPU
		{538760B6-6C3B-4985-B6D6-9553B8BA6B89}.Debug|Any CPU.ActiveCfg = Debug|Any CPU
		{538760B6-6C3B-4985-B6D6-9553B8BA6B89}.Debug|Any CPU.Build.0 = Debug|Any CPU
		{538760B6-6C3B-4985-B6D6-9553B8BA6B89}.Release|Any CPU.ActiveCfg = Release|Any CPU
		{538760B6-6C3B-4985-B6D6-9553B8BA6B89}.Release|Any CPU.Build.0 = Release|Any CPU
		{A2161EB0-2513-4F4C-BA4C-8E0AE0591EA3}.Debug|Any CPU.ActiveCfg = Debug|Any CPU
		{A2161EB0-2513-4F4C-BA4C-8E0AE0591EA3}.Debug|Any CPU.Build.0 = Debug|Any CPU
		{A2161EB0-2513-4F4C-BA4C-8E0AE0591EA3}.Release|Any CPU.ActiveCfg = Release|Any CPU
		{A2161EB0-2513-4F4C-BA4C-8E0AE0591EA3}.Release|Any CPU.Build.0 = Release|Any CPU
		{7CD5B276-EADB-4E0C-AD4B-95ACB5A6A594}.Debug|Any CPU.ActiveCfg = Debug|Any CPU
		{7CD5B276-EADB-4E0C-AD4B-95ACB5A6A594}.Debug|Any CPU.Build.0 = Debug|Any CPU
		{7CD5B276-EADB-4E0C-AD4B-95ACB5A6A594}.Release|Any CPU.ActiveCfg = Release|Any CPU
		{7CD5B276-EADB-4E0C-AD4B-95ACB5A6A594}.Release|Any CPU.Build.0 = Release|Any CPU
		{2482FA47-42B3-498A-ADBD-19B6368E7FD0}.Debug|Any CPU.ActiveCfg = Debug|Any CPU
		{2482FA47-42B3-498A-ADBD-19B6368E7FD0}.Debug|Any CPU.Build.0 = Debug|Any CPU
		{2482FA47-42B3-498A-ADBD-19B6368E7FD0}.Release|Any CPU.ActiveCfg = Release|Any CPU
		{2482FA47-42B3-498A-ADBD-19B6368E7FD0}.Release|Any CPU.Build.0 = Release|Any CPU
		{DBBCE832-15EC-4E32-AC3A-845823A5E2F7}.Debug|Any CPU.ActiveCfg = Debug|Any CPU
		{DBBCE832-15EC-4E32-AC3A-845823A5E2F7}.Debug|Any CPU.Build.0 = Debug|Any CPU
		{DBBCE832-15EC-4E32-AC3A-845823A5E2F7}.Release|Any CPU.ActiveCfg = Release|Any CPU
		{DBBCE832-15EC-4E32-AC3A-845823A5E2F7}.Release|Any CPU.Build.0 = Release|Any CPU
	EndGlobalSection
	GlobalSection(SolutionProperties) = preSolution
		HideSolutionNode = FALSE
	EndGlobalSection
	GlobalSection(NestedProjects) = preSolution
		{7CD5B276-EADB-4E0C-AD4B-95ACB5A6A594} = {B94FCAFF-7214-4456-AF7A-90DE1494CD22}
		{2482FA47-42B3-498A-ADBD-19B6368E7FD0} = {B94FCAFF-7214-4456-AF7A-90DE1494CD22}
	EndGlobalSection
	GlobalSection(ExtensibilityGlobals) = postSolution
		SolutionGuid = {732F938D-4CE3-4050-A92A-44158576D6BF}
	EndGlobalSection
EndGlobal
